// !$*UTF8*$!
{
	archiveVersion = 1;
	classes = {
	};
	objectVersion = 55;
	objects = {

/* Begin PBXBuildFile section */
		2B7B1A5228ED59F5005E7705 /* AppDelegate.swift in Sources */ = {isa = PBXBuildFile; fileRef = 2B7B1A5128ED59F5005E7705 /* AppDelegate.swift */; };
		2B7B1A5428ED59F5005E7705 /* SceneDelegate.swift in Sources */ = {isa = PBXBuildFile; fileRef = 2B7B1A5328ED59F5005E7705 /* SceneDelegate.swift */; };
		2B7B1A5628ED59F5005E7705 /* ViewController.swift in Sources */ = {isa = PBXBuildFile; fileRef = 2B7B1A5528ED59F5005E7705 /* ViewController.swift */; };
		2B7B1A5928ED59F5005E7705 /* Main.storyboard in Resources */ = {isa = PBXBuildFile; fileRef = 2B7B1A5728ED59F5005E7705 /* Main.storyboard */; };
		2B7B1A5C28ED59F5005E7705 /* MovieDemo.xcdatamodeld in Sources */ = {isa = PBXBuildFile; fileRef = 2B7B1A5A28ED59F5005E7705 /* MovieDemo.xcdatamodeld */; };
		2B7B1A5E28ED59F6005E7705 /* Assets.xcassets in Resources */ = {isa = PBXBuildFile; fileRef = 2B7B1A5D28ED59F6005E7705 /* Assets.xcassets */; };
		2B7B1A6128ED59F6005E7705 /* LaunchScreen.storyboard in Resources */ = {isa = PBXBuildFile; fileRef = 2B7B1A5F28ED59F6005E7705 /* LaunchScreen.storyboard */; };
		2B7B1A6C28ED59F6005E7705 /* MovieDemoTests.swift in Sources */ = {isa = PBXBuildFile; fileRef = 2B7B1A6B28ED59F6005E7705 /* MovieDemoTests.swift */; };
		2B7B1A7628ED59F6005E7705 /* MovieDemoUITests.swift in Sources */ = {isa = PBXBuildFile; fileRef = 2B7B1A7528ED59F6005E7705 /* MovieDemoUITests.swift */; };
		2B7B1A7828ED59F6005E7705 /* MovieDemoUITestsLaunchTests.swift in Sources */ = {isa = PBXBuildFile; fileRef = 2B7B1A7728ED59F6005E7705 /* MovieDemoUITestsLaunchTests.swift */; };
/* End PBXBuildFile section */

/* Begin PBXContainerItemProxy section */
		2B7B1A6828ED59F6005E7705 /* PBXContainerItemProxy */ = {
			isa = PBXContainerItemProxy;
			containerPortal = 2B7B1A4628ED59F5005E7705 /* Project object */;
			proxyType = 1;
			remoteGlobalIDString = 2B7B1A4D28ED59F5005E7705;
			remoteInfo = MovieDemo;
		};
		2B7B1A7228ED59F6005E7705 /* PBXContainerItemProxy */ = {
			isa = PBXContainerItemProxy;
			containerPortal = 2B7B1A4628ED59F5005E7705 /* Project object */;
			proxyType = 1;
			remoteGlobalIDString = 2B7B1A4D28ED59F5005E7705;
			remoteInfo = MovieDemo;
		};
/* End PBXContainerItemProxy section */

/* Begin PBXFileReference section */
		2B7B1A4E28ED59F5005E7705 /* MovieDemo.app */ = {isa = PBXFileReference; explicitFileType = wrapper.application; includeInIndex = 0; path = MovieDemo.app; sourceTree = BUILT_PRODUCTS_DIR; };
		2B7B1A5128ED59F5005E7705 /* AppDelegate.swift */ = {isa = PBXFileReference; lastKnownFileType = sourcecode.swift; path = AppDelegate.swift; sourceTree = "<group>"; };
		2B7B1A5328ED59F5005E7705 /* SceneDelegate.swift */ = {isa = PBXFileReference; lastKnownFileType = sourcecode.swift; path = SceneDelegate.swift; sourceTree = "<group>"; };
		2B7B1A5528ED59F5005E7705 /* ViewController.swift */ = {isa = PBXFileReference; lastKnownFileType = sourcecode.swift; path = ViewController.swift; sourceTree = "<group>"; };
		2B7B1A5828ED59F5005E7705 /* Base */ = {isa = PBXFileReference; lastKnownFileType = file.storyboard; name = Base; path = Base.lproj/Main.storyboard; sourceTree = "<group>"; };
		2B7B1A5B28ED59F5005E7705 /* MovieDemo.xcdatamodel */ = {isa = PBXFileReference; lastKnownFileType = wrapper.xcdatamodel; path = MovieDemo.xcdatamodel; sourceTree = "<group>"; };
		2B7B1A5D28ED59F6005E7705 /* Assets.xcassets */ = {isa = PBXFileReference; lastKnownFileType = folder.assetcatalog; path = Assets.xcassets; sourceTree = "<group>"; };
		2B7B1A6028ED59F6005E7705 /* Base */ = {isa = PBXFileReference; lastKnownFileType = file.storyboard; name = Base; path = Base.lproj/LaunchScreen.storyboard; sourceTree = "<group>"; };
		2B7B1A6228ED59F6005E7705 /* Info.plist */ = {isa = PBXFileReference; lastKnownFileType = text.plist.xml; path = Info.plist; sourceTree = "<group>"; };
		2B7B1A6728ED59F6005E7705 /* MovieDemoTests.xctest */ = {isa = PBXFileReference; explicitFileType = wrapper.cfbundle; includeInIndex = 0; path = MovieDemoTests.xctest; sourceTree = BUILT_PRODUCTS_DIR; };
		2B7B1A6B28ED59F6005E7705 /* MovieDemoTests.swift */ = {isa = PBXFileReference; lastKnownFileType = sourcecode.swift; path = MovieDemoTests.swift; sourceTree = "<group>"; };
		2B7B1A7128ED59F6005E7705 /* MovieDemoUITests.xctest */ = {isa = PBXFileReference; explicitFileType = wrapper.cfbundle; includeInIndex = 0; path = MovieDemoUITests.xctest; sourceTree = BUILT_PRODUCTS_DIR; };
		2B7B1A7528ED59F6005E7705 /* MovieDemoUITests.swift */ = {isa = PBXFileReference; lastKnownFileType = sourcecode.swift; path = MovieDemoUITests.swift; sourceTree = "<group>"; };
		2B7B1A7728ED59F6005E7705 /* MovieDemoUITestsLaunchTests.swift */ = {isa = PBXFileReference; lastKnownFileType = sourcecode.swift; path = MovieDemoUITestsLaunchTests.swift; sourceTree = "<group>"; };
/* End PBXFileReference section */

/* Begin PBXFrameworksBuildPhase section */
		2B7B1A4B28ED59F5005E7705 /* Frameworks */ = {
			isa = PBXFrameworksBuildPhase;
			buildActionMask = 2147483647;
			files = (
			);
			runOnlyForDeploymentPostprocessing = 0;
		};
		2B7B1A6428ED59F6005E7705 /* Frameworks */ = {
			isa = PBXFrameworksBuildPhase;
			buildActionMask = 2147483647;
			files = (
			);
			runOnlyForDeploymentPostprocessing = 0;
		};
		2B7B1A6E28ED59F6005E7705 /* Frameworks */ = {
			isa = PBXFrameworksBuildPhase;
			buildActionMask = 2147483647;
			files = (
			);
			runOnlyForDeploymentPostprocessing = 0;
		};
/* End PBXFrameworksBuildPhase section */

/* Begin PBXGroup section */
		2B7B1A4528ED59F5005E7705 = {
			isa = PBXGroup;
			children = (
				2B7B1A5028ED59F5005E7705 /* MovieDemo */,
				2B7B1A6A28ED59F6005E7705 /* MovieDemoTests */,
				2B7B1A7428ED59F6005E7705 /* MovieDemoUITests */,
				2B7B1A4F28ED59F5005E7705 /* Products */,
			);
			sourceTree = "<group>";
		};
		2B7B1A4F28ED59F5005E7705 /* Products */ = {
			isa = PBXGroup;
			children = (
				2B7B1A4E28ED59F5005E7705 /* MovieDemo.app */,
				2B7B1A6728ED59F6005E7705 /* MovieDemoTests.xctest */,
				2B7B1A7128ED59F6005E7705 /* MovieDemoUITests.xctest */,
			);
			name = Products;
			sourceTree = "<group>";
		};
		2B7B1A5028ED59F5005E7705 /* MovieDemo */ = {
			isa = PBXGroup;
			children = (
				2B7B1A5128ED59F5005E7705 /* AppDelegate.swift */,
				2B7B1A5328ED59F5005E7705 /* SceneDelegate.swift */,
				2B7B1A5528ED59F5005E7705 /* ViewController.swift */,
				2B7B1A5728ED59F5005E7705 /* Main.storyboard */,
				2B7B1A5D28ED59F6005E7705 /* Assets.xcassets */,
				2B7B1A5F28ED59F6005E7705 /* LaunchScreen.storyboard */,
				2B7B1A6228ED59F6005E7705 /* Info.plist */,
				2B7B1A5A28ED59F5005E7705 /* MovieDemo.xcdatamodeld */,
			);
			path = MovieDemo;
			sourceTree = "<group>";
		};
		2B7B1A6A28ED59F6005E7705 /* MovieDemoTests */ = {
			isa = PBXGroup;
			children = (
				2B7B1A6B28ED59F6005E7705 /* MovieDemoTests.swift */,
			);
			path = MovieDemoTests;
			sourceTree = "<group>";
		};
		2B7B1A7428ED59F6005E7705 /* MovieDemoUITests */ = {
			isa = PBXGroup;
			children = (
				2B7B1A7528ED59F6005E7705 /* MovieDemoUITests.swift */,
				2B7B1A7728ED59F6005E7705 /* MovieDemoUITestsLaunchTests.swift */,
			);
			path = MovieDemoUITests;
			sourceTree = "<group>";
		};
/* End PBXGroup section */

/* Begin PBXNativeTarget section */
		2B7B1A4D28ED59F5005E7705 /* MovieDemo */ = {
			isa = PBXNativeTarget;
			buildConfigurationList = 2B7B1A7B28ED59F6005E7705 /* Build configuration list for PBXNativeTarget "MovieDemo" */;
			buildPhases = (
				2B7B1A4A28ED59F5005E7705 /* Sources */,
				2B7B1A4B28ED59F5005E7705 /* Frameworks */,
				2B7B1A4C28ED59F5005E7705 /* Resources */,
			);
			buildRules = (
			);
			dependencies = (
			);
			name = MovieDemo;
			productName = MovieDemo;
			productReference = 2B7B1A4E28ED59F5005E7705 /* MovieDemo.app */;
			productType = "com.apple.product-type.application";
		};
		2B7B1A6628ED59F6005E7705 /* MovieDemoTests */ = {
			isa = PBXNativeTarget;
			buildConfigurationList = 2B7B1A7E28ED59F6005E7705 /* Build configuration list for PBXNativeTarget "MovieDemoTests" */;
			buildPhases = (
				2B7B1A6328ED59F6005E7705 /* Sources */,
				2B7B1A6428ED59F6005E7705 /* Frameworks */,
				2B7B1A6528ED59F6005E7705 /* Resources */,
			);
			buildRules = (
			);
			dependencies = (
				2B7B1A6928ED59F6005E7705 /* PBXTargetDependency */,
			);
			name = MovieDemoTests;
			productName = MovieDemoTests;
			productReference = 2B7B1A6728ED59F6005E7705 /* MovieDemoTests.xctest */;
			productType = "com.apple.product-type.bundle.unit-test";
		};
		2B7B1A7028ED59F6005E7705 /* MovieDemoUITests */ = {
			isa = PBXNativeTarget;
			buildConfigurationList = 2B7B1A8128ED59F6005E7705 /* Build configuration list for PBXNativeTarget "MovieDemoUITests" */;
			buildPhases = (
				2B7B1A6D28ED59F6005E7705 /* Sources */,
				2B7B1A6E28ED59F6005E7705 /* Frameworks */,
				2B7B1A6F28ED59F6005E7705 /* Resources */,
			);
			buildRules = (
			);
			dependencies = (
				2B7B1A7328ED59F6005E7705 /* PBXTargetDependency */,
			);
			name = MovieDemoUITests;
			productName = MovieDemoUITests;
			productReference = 2B7B1A7128ED59F6005E7705 /* MovieDemoUITests.xctest */;
			productType = "com.apple.product-type.bundle.ui-testing";
		};
/* End PBXNativeTarget section */

/* Begin PBXProject section */
		2B7B1A4628ED59F5005E7705 /* Project object */ = {
			isa = PBXProject;
			attributes = {
				BuildIndependentTargetsInParallel = 1;
				LastSwiftUpdateCheck = 1300;
				LastUpgradeCheck = 1300;
				TargetAttributes = {
					2B7B1A4D28ED59F5005E7705 = {
						CreatedOnToolsVersion = 13.0;
					};
					2B7B1A6628ED59F6005E7705 = {
						CreatedOnToolsVersion = 13.0;
						TestTargetID = 2B7B1A4D28ED59F5005E7705;
					};
					2B7B1A7028ED59F6005E7705 = {
						CreatedOnToolsVersion = 13.0;
						TestTargetID = 2B7B1A4D28ED59F5005E7705;
					};
				};
			};
			buildConfigurationList = 2B7B1A4928ED59F5005E7705 /* Build configuration list for PBXProject "MovieDemo" */;
			compatibilityVersion = "Xcode 13.0";
			developmentRegion = en;
			hasScannedForEncodings = 0;
			knownRegions = (
				en,
				Base,
			);
			mainGroup = 2B7B1A4528ED59F5005E7705;
			productRefGroup = 2B7B1A4F28ED59F5005E7705 /* Products */;
			projectDirPath = "";
			projectRoot = "";
			targets = (
				2B7B1A4D28ED59F5005E7705 /* MovieDemo */,
				2B7B1A6628ED59F6005E7705 /* MovieDemoTests */,
				2B7B1A7028ED59F6005E7705 /* MovieDemoUITests */,
			);
		};
/* End PBXProject section */

/* Begin PBXResourcesBuildPhase section */
		2B7B1A4C28ED59F5005E7705 /* Resources */ = {
			isa = PBXResourcesBuildPhase;
			buildActionMask = 2147483647;
			files = (
				2B7B1A6128ED59F6005E7705 /* LaunchScreen.storyboard in Resources */,
				2B7B1A5E28ED59F6005E7705 /* Assets.xcassets in Resources */,
				2B7B1A5928ED59F5005E7705 /* Main.storyboard in Resources */,
			);
			runOnlyForDeploymentPostprocessing = 0;
		};
		2B7B1A6528ED59F6005E7705 /* Resources */ = {
			isa = PBXResourcesBuildPhase;
			buildActionMask = 2147483647;
			files = (
			);
			runOnlyForDeploymentPostprocessing = 0;
		};
		2B7B1A6F28ED59F6005E7705 /* Resources */ = {
			isa = PBXResourcesBuildPhase;
			buildActionMask = 2147483647;
			files = (
			);
			runOnlyForDeploymentPostprocessing = 0;
		};
/* End PBXResourcesBuildPhase section */

/* Begin PBXSourcesBuildPhase section */
		2B7B1A4A28ED59F5005E7705 /* Sources */ = {
			isa = PBXSourcesBuildPhase;
			buildActionMask = 2147483647;
			files = (
				2B7B1A5628ED59F5005E7705 /* ViewController.swift in Sources */,
				2B7B1A5228ED59F5005E7705 /* AppDelegate.swift in Sources */,
				2B7B1A5428ED59F5005E7705 /* SceneDelegate.swift in Sources */,
				2B7B1A5C28ED59F5005E7705 /* MovieDemo.xcdatamodeld in Sources */,
			);
			runOnlyForDeploymentPostprocessing = 0;
		};
		2B7B1A6328ED59F6005E7705 /* Sources */ = {
			isa = PBXSourcesBuildPhase;
			buildActionMask = 2147483647;
			files = (
				2B7B1A6C28ED59F6005E7705 /* MovieDemoTests.swift in Sources */,
			);
			runOnlyForDeploymentPostprocessing = 0;
		};
		2B7B1A6D28ED59F6005E7705 /* Sources */ = {
			isa = PBXSourcesBuildPhase;
			buildActionMask = 2147483647;
			files = (
				2B7B1A7828ED59F6005E7705 /* MovieDemoUITestsLaunchTests.swift in Sources */,
				2B7B1A7628ED59F6005E7705 /* MovieDemoUITests.swift in Sources */,
			);
			runOnlyForDeploymentPostprocessing = 0;
		};
/* End PBXSourcesBuildPhase section */

/* Begin PBXTargetDependency section */
		2B7B1A6928ED59F6005E7705 /* PBXTargetDependency */ = {
			isa = PBXTargetDependency;
			target = 2B7B1A4D28ED59F5005E7705 /* MovieDemo */;
			targetProxy = 2B7B1A6828ED59F6005E7705 /* PBXContainerItemProxy */;
		};
		2B7B1A7328ED59F6005E7705 /* PBXTargetDependency */ = {
			isa = PBXTargetDependency;
			target = 2B7B1A4D28ED59F5005E7705 /* MovieDemo */;
			targetProxy = 2B7B1A7228ED59F6005E7705 /* PBXContainerItemProxy */;
		};
/* End PBXTargetDependency section */

/* Begin PBXVariantGroup section */
		2B7B1A5728ED59F5005E7705 /* Main.storyboard */ = {
			isa = PBXVariantGroup;
			children = (
				2B7B1A5828ED59F5005E7705 /* Base */,
			);
			name = Main.storyboard;
			sourceTree = "<group>";
		};
		2B7B1A5F28ED59F6005E7705 /* LaunchScreen.storyboard */ = {
			isa = PBXVariantGroup;
			children = (
				2B7B1A6028ED59F6005E7705 /* Base */,
			);
			name = LaunchScreen.storyboard;
			sourceTree = "<group>";
		};
/* End PBXVariantGroup section */

/* Begin XCBuildConfiguration section */
		2B7B1A7928ED59F6005E7705 /* Debug */ = {
			isa = XCBuildConfiguration;
			buildSettings = {
				ALWAYS_SEARCH_USER_PATHS = NO;
				CLANG_ANALYZER_NONNULL = YES;
				CLANG_ANALYZER_NUMBER_OBJECT_CONVERSION = YES_AGGRESSIVE;
				CLANG_CXX_LANGUAGE_STANDARD = "gnu++17";
				CLANG_CXX_LIBRARY = "libc++";
				CLANG_ENABLE_MODULES = YES;
				CLANG_ENABLE_OBJC_ARC = YES;
				CLANG_ENABLE_OBJC_WEAK = YES;
				CLANG_WARN_BLOCK_CAPTURE_AUTORELEASING = YES;
				CLANG_WARN_BOOL_CONVERSION = YES;
				CLANG_WARN_COMMA = YES;
				CLANG_WARN_CONSTANT_CONVERSION = YES;
				CLANG_WARN_DEPRECATED_OBJC_IMPLEMENTATIONS = YES;
				CLANG_WARN_DIRECT_OBJC_ISA_USAGE = YES_ERROR;
				CLANG_WARN_DOCUMENTATION_COMMENTS = YES;
				CLANG_WARN_EMPTY_BODY = YES;
				CLANG_WARN_ENUM_CONVERSION = YES;
				CLANG_WARN_INFINITE_RECURSION = YES;
				CLANG_WARN_INT_CONVERSION = YES;
				CLANG_WARN_NON_LITERAL_NULL_CONVERSION = YES;
				CLANG_WARN_OBJC_IMPLICIT_RETAIN_SELF = YES;
				CLANG_WARN_OBJC_LITERAL_CONVERSION = YES;
				CLANG_WARN_OBJC_ROOT_CLASS = YES_ERROR;
				CLANG_WARN_QUOTED_INCLUDE_IN_FRAMEWORK_HEADER = YES;
				CLANG_WARN_RANGE_LOOP_ANALYSIS = YES;
				CLANG_WARN_STRICT_PROTOTYPES = YES;
				CLANG_WARN_SUSPICIOUS_MOVE = YES;
				CLANG_WARN_UNGUARDED_AVAILABILITY = YES_AGGRESSIVE;
				CLANG_WARN_UNREACHABLE_CODE = YES;
				CLANG_WARN__DUPLICATE_METHOD_MATCH = YES;
				COPY_PHASE_STRIP = NO;
				DEBUG_INFORMATION_FORMAT = dwarf;
				ENABLE_STRICT_OBJC_MSGSEND = YES;
				ENABLE_TESTABILITY = YES;
				GCC_C_LANGUAGE_STANDARD = gnu11;
				GCC_DYNAMIC_NO_PIC = NO;
				GCC_NO_COMMON_BLOCKS = YES;
				GCC_OPTIMIZATION_LEVEL = 0;
				GCC_PREPROCESSOR_DEFINITIONS = (
					"DEBUG=1",
					"$(inherited)",
				);
				GCC_WARN_64_TO_32_BIT_CONVERSION = YES;
				GCC_WARN_ABOUT_RETURN_TYPE = YES_ERROR;
				GCC_WARN_UNDECLARED_SELECTOR = YES;
				GCC_WARN_UNINITIALIZED_AUTOS = YES_AGGRESSIVE;
				GCC_WARN_UNUSED_FUNCTION = YES;
				GCC_WARN_UNUSED_VARIABLE = YES;
				IPHONEOS_DEPLOYMENT_TARGET = 15.0;
				MTL_ENABLE_DEBUG_INFO = INCLUDE_SOURCE;
				MTL_FAST_MATH = YES;
				ONLY_ACTIVE_ARCH = YES;
				SDKROOT = iphoneos;
				SWIFT_ACTIVE_COMPILATION_CONDITIONS = DEBUG;
				SWIFT_OPTIMIZATION_LEVEL = "-Onone";
			};
			name = Debug;
		};
		2B7B1A7A28ED59F6005E7705 /* Release */ = {
			isa = XCBuildConfiguration;
			buildSettings = {
				ALWAYS_SEARCH_USER_PATHS = NO;
				CLANG_ANALYZER_NONNULL = YES;
				CLANG_ANALYZER_NUMBER_OBJECT_CONVERSION = YES_AGGRESSIVE;
				CLANG_CXX_LANGUAGE_STANDARD = "gnu++17";
				CLANG_CXX_LIBRARY = "libc++";
				CLANG_ENABLE_MODULES = YES;
				CLANG_ENABLE_OBJC_ARC = YES;
				CLANG_ENABLE_OBJC_WEAK = YES;
				CLANG_WARN_BLOCK_CAPTURE_AUTORELEASING = YES;
				CLANG_WARN_BOOL_CONVERSION = YES;
				CLANG_WARN_COMMA = YES;
				CLANG_WARN_CONSTANT_CONVERSION = YES;
				CLANG_WARN_DEPRECATED_OBJC_IMPLEMENTATIONS = YES;
				CLANG_WARN_DIRECT_OBJC_ISA_USAGE = YES_ERROR;
				CLANG_WARN_DOCUMENTATION_COMMENTS = YES;
				CLANG_WARN_EMPTY_BODY = YES;
				CLANG_WARN_ENUM_CONVERSION = YES;
				CLANG_WARN_INFINITE_RECURSION = YES;
				CLANG_WARN_INT_CONVERSION = YES;
				CLANG_WARN_NON_LITERAL_NULL_CONVERSION = YES;
				CLANG_WARN_OBJC_IMPLICIT_RETAIN_SELF = YES;
				CLANG_WARN_OBJC_LITERAL_CONVERSION = YES;
				CLANG_WARN_OBJC_ROOT_CLASS = YES_ERROR;
				CLANG_WARN_QUOTED_INCLUDE_IN_FRAMEWORK_HEADER = YES;
				CLANG_WARN_RANGE_LOOP_ANALYSIS = YES;
				CLANG_WARN_STRICT_PROTOTYPES = YES;
				CLANG_WARN_SUSPICIOUS_MOVE = YES;
				CLANG_WARN_UNGUARDED_AVAILABILITY = YES_AGGRESSIVE;
				CLANG_WARN_UNREACHABLE_CODE = YES;
				CLANG_WARN__DUPLICATE_METHOD_MATCH = YES;
				COPY_PHASE_STRIP = NO;
				DEBUG_INFORMATION_FORMAT = "dwarf-with-dsym";
				ENABLE_NS_ASSERTIONS = NO;
				ENABLE_STRICT_OBJC_MSGSEND = YES;
				GCC_C_LANGUAGE_STANDARD = gnu11;
				GCC_NO_COMMON_BLOCKS = YES;
				GCC_WARN_64_TO_32_BIT_CONVERSION = YES;
				GCC_WARN_ABOUT_RETURN_TYPE = YES_ERROR;
				GCC_WARN_UNDECLARED_SELECTOR = YES;
				GCC_WARN_UNINITIALIZED_AUTOS = YES_AGGRESSIVE;
				GCC_WARN_UNUSED_FUNCTION = YES;
				GCC_WARN_UNUSED_VARIABLE = YES;
				IPHONEOS_DEPLOYMENT_TARGET = 15.0;
				MTL_ENABLE_DEBUG_INFO = NO;
				MTL_FAST_MATH = YES;
				SDKROOT = iphoneos;
				SWIFT_COMPILATION_MODE = wholemodule;
				SWIFT_OPTIMIZATION_LEVEL = "-O";
				VALIDATE_PRODUCT = YES;
			};
			name = Release;
		};
		2B7B1A7C28ED59F6005E7705 /* Debug */ = {
			isa = XCBuildConfiguration;
			buildSettings = {
				ASSETCATALOG_COMPILER_APPICON_NAME = AppIcon;
				ASSETCATALOG_COMPILER_GLOBAL_ACCENT_COLOR_NAME = AccentColor;
				CODE_SIGN_STYLE = Automatic;
				CURRENT_PROJECT_VERSION = 1;
				DEVELOPMENT_TEAM = 5CP38KYNZ3;
				GENERATE_INFOPLIST_FILE = YES;
				INFOPLIST_FILE = MovieDemo/Info.plist;
				INFOPLIST_KEY_UIApplicationSupportsIndirectInputEvents = YES;
				INFOPLIST_KEY_UILaunchStoryboardName = LaunchScreen;
				INFOPLIST_KEY_UIMainStoryboardFile = Main;
				INFOPLIST_KEY_UISupportedInterfaceOrientations_iPad = "UIInterfaceOrientationPortrait UIInterfaceOrientationPortraitUpsideDown UIInterfaceOrientationLandscapeLeft UIInterfaceOrientationLandscapeRight";
				INFOPLIST_KEY_UISupportedInterfaceOrientations_iPhone = "UIInterfaceOrientationPortrait UIInterfaceOrientationLandscapeLeft UIInterfaceOrientationLandscapeRight";
				LD_RUNPATH_SEARCH_PATHS = (
					"$(inherited)",
					"@executable_path/Frameworks",
				);
				MARKETING_VERSION = 1.0;
				PRODUCT_BUNDLE_IDENTIFIER = com.pare.MovieDemo;
				PRODUCT_NAME = "$(TARGET_NAME)";
				SWIFT_EMIT_LOC_STRINGS = YES;
				SWIFT_VERSION = 5.0;
				TARGETED_DEVICE_FAMILY = "1,2";
			};
			name = Debug;
		};
		2B7B1A7D28ED59F6005E7705 /* Release */ = {
			isa = XCBuildConfiguration;
			buildSettings = {
				ASSETCATALOG_COMPILER_APPICON_NAME = AppIcon;
				ASSETCATALOG_COMPILER_GLOBAL_ACCENT_COLOR_NAME = AccentColor;
				CODE_SIGN_STYLE = Automatic;
				CURRENT_PROJECT_VERSION = 1;
				DEVELOPMENT_TEAM = 5CP38KYNZ3;
				GENERATE_INFOPLIST_FILE = YES;
				INFOPLIST_FILE = MovieDemo/Info.plist;
				INFOPLIST_KEY_UIApplicationSupportsIndirectInputEvents = YES;
				INFOPLIST_KEY_UILaunchStoryboardName = LaunchScreen;
				INFOPLIST_KEY_UIMainStoryboardFile = Main;
				INFOPLIST_KEY_UISupportedInterfaceOrientations_iPad = "UIInterfaceOrientationPortrait UIInterfaceOrientationPortraitUpsideDown UIInterfaceOrientationLandscapeLeft UIInterfaceOrientationLandscapeRight";
				INFOPLIST_KEY_UISupportedInterfaceOrientations_iPhone = "UIInterfaceOrientationPortrait UIInterfaceOrientationLandscapeLeft UIInterfaceOrientationLandscapeRight";
				LD_RUNPATH_SEARCH_PATHS = (
					"$(inherited)",
					"@executable_path/Frameworks",
				);
				MARKETING_VERSION = 1.0;
				PRODUCT_BUNDLE_IDENTIFIER = com.pare.MovieDemo;
				PRODUCT_NAME = "$(TARGET_NAME)";
				SWIFT_EMIT_LOC_STRINGS = YES;
				SWIFT_VERSION = 5.0;
				TARGETED_DEVICE_FAMILY = "1,2";
			};
			name = Release;
		};
		2B7B1A7F28ED59F6005E7705 /* Debug */ = {
			isa = XCBuildConfiguration;
			buildSettings = {
				ALWAYS_EMBED_SWIFT_STANDARD_LIBRARIES = YES;
				BUNDLE_LOADER = "$(TEST_HOST)";
				CODE_SIGN_STYLE = Automatic;
				CURRENT_PROJECT_VERSION = 1;
				DEVELOPMENT_TEAM = 5CP38KYNZ3;
				GENERATE_INFOPLIST_FILE = YES;
				IPHONEOS_DEPLOYMENT_TARGET = 15.0;
				LD_RUNPATH_SEARCH_PATHS = (
					"$(inherited)",
					"@executable_path/Frameworks",
					"@loader_path/Frameworks",
				);
				MARKETING_VERSION = 1.0;
				PRODUCT_BUNDLE_IDENTIFIER = com.pare.MovieDemoTests;
				PRODUCT_NAME = "$(TARGET_NAME)";
				SWIFT_EMIT_LOC_STRINGS = NO;
				SWIFT_VERSION = 5.0;
				TARGETED_DEVICE_FAMILY = "1,2";
				TEST_HOST = "$(BUILT_PRODUCTS_DIR)/MovieDemo.app/MovieDemo";
			};
			name = Debug;
		};
		2B7B1A8028ED59F6005E7705 /* Release */ = {
			isa = XCBuildConfiguration;
			buildSettings = {
				ALWAYS_EMBED_SWIFT_STANDARD_LIBRARIES = YES;
				BUNDLE_LOADER = "$(TEST_HOST)";
				CODE_SIGN_STYLE = Automatic;
				CURRENT_PROJECT_VERSION = 1;
				DEVELOPMENT_TEAM = 5CP38KYNZ3;
				GENERATE_INFOPLIST_FILE = YES;
				IPHONEOS_DEPLOYMENT_TARGET = 15.0;
				LD_RUNPATH_SEARCH_PATHS = (
					"$(inherited)",
					"@executable_path/Frameworks",
					"@loader_path/Frameworks",
				);
				MARKETING_VERSION = 1.0;
				PRODUCT_BUNDLE_IDENTIFIER = com.pare.MovieDemoTests;
				PRODUCT_NAME = "$(TARGET_NAME)";
				SWIFT_EMIT_LOC_STRINGS = NO;
				SWIFT_VERSION = 5.0;
				TARGETED_DEVICE_FAMILY = "1,2";
				TEST_HOST = "$(BUILT_PRODUCTS_DIR)/MovieDemo.app/MovieDemo";
			};
			name = Release;
		};
		2B7B1A8228ED59F6005E7705 /* Debug */ = {
			isa = XCBuildConfiguration;
			buildSettings = {
				ALWAYS_EMBED_SWIFT_STANDARD_LIBRARIES = YES;
				CODE_SIGN_STYLE = Automatic;
				CURRENT_PROJECT_VERSION = 1;
				DEVELOPMENT_TEAM = 5CP38KYNZ3;
				GENERATE_INFOPLIST_FILE = YES;
				LD_RUNPATH_SEARCH_PATHS = (
					"$(inherited)",
					"@executable_path/Frameworks",
					"@loader_path/Frameworks",
				);
				MARKETING_VERSION = 1.0;
				PRODUCT_BUNDLE_IDENTIFIER = com.pare.MovieDemoUITests;
				PRODUCT_NAME = "$(TARGET_NAME)";
				SWIFT_EMIT_LOC_STRINGS = NO;
				SWIFT_VERSION = 5.0;
				TARGETED_DEVICE_FAMILY = "1,2";
				TEST_TARGET_NAME = MovieDemo;
			};
			name = Debug;
		};
		2B7B1A8328ED59F6005E7705 /* Release */ = {
			isa = XCBuildConfiguration;
			buildSettings = {
				ALWAYS_EMBED_SWIFT_STANDARD_LIBRARIES = YES;
				CODE_SIGN_STYLE = Automatic;
				CURRENT_PROJECT_VERSION = 1;
				DEVELOPMENT_TEAM = 5CP38KYNZ3;
				GENERATE_INFOPLIST_FILE = YES;
				LD_RUNPATH_SEARCH_PATHS = (
					"$(inherited)",
					"@executable_path/Frameworks",
					"@loader_path/Frameworks",
				);
				MARKETING_VERSION = 1.0;
				PRODUCT_BUNDLE_IDENTIFIER = com.pare.MovieDemoUITests;
				PRODUCT_NAME = "$(TARGET_NAME)";
				SWIFT_EMIT_LOC_STRINGS = NO;
				SWIFT_VERSION = 5.0;
				TARGETED_DEVICE_FAMILY = "1,2";
				TEST_TARGET_NAME = MovieDemo;
			};
			name = Release;
		};
/* End XCBuildConfiguration section */

/* Begin XCConfigurationList section */
		2B7B1A4928ED59F5005E7705 /* Build configuration list for PBXProject "MovieDemo" */ = {
			isa = XCConfigurationList;
			buildConfigurations = (
				2B7B1A7928ED59F6005E7705 /* Debug */,
				2B7B1A7A28ED59F6005E7705 /* Release */,
			);
			defaultConfigurationIsVisible = 0;
			defaultConfigurationName = Release;
		};
		2B7B1A7B28ED59F6005E7705 /* Build configuration list for PBXNativeTarget "MovieDemo" */ = {
			isa = XCConfigurationList;
			buildConfigurations = (
				2B7B1A7C28ED59F6005E7705 /* Debug */,
				2B7B1A7D28ED59F6005E7705 /* Release */,
			);
			defaultConfigurationIsVisible = 0;
			defaultConfigurationName = Release;
		};
		2B7B1A7E28ED59F6005E7705 /* Build configuration list for PBXNativeTarget "MovieDemoTests" */ = {
			isa = XCConfigurationList;
			buildConfigurations = (
				2B7B1A7F28ED59F6005E7705 /* Debug */,
				2B7B1A8028ED59F6005E7705 /* Release */,
			);
			defaultConfigurationIsVisible = 0;
			defaultConfigurationName = Release;
		};
		2B7B1A8128ED59F6005E7705 /* Build configuration list for PBXNativeTarget "MovieDemoUITests" */ = {
			isa = XCConfigurationList;
			buildConfigurations = (
				2B7B1A8228ED59F6005E7705 /* Debug */,
				2B7B1A8328ED59F6005E7705 /* Release */,
			);
			defaultConfigurationIsVisible = 0;
			defaultConfigurationName = Release;
		};
/* End XCConfigurationList section */

/* Begin XCVersionGroup section */
		2B7B1A5A28ED59F5005E7705 /* MovieDemo.xcdatamodeld */ = {
			isa = XCVersionGroup;
			children = (
				2B7B1A5B28ED59F5005E7705 /* MovieDemo.xcdatamodel */,
			);
			currentVersion = 2B7B1A5B28ED59F5005E7705 /* MovieDemo.xcdatamodel */;
			path = MovieDemo.xcdatamodeld;
			sourceTree = "<group>";
			versionGroupType = wrapper.xcdatamodel;
		};
/* End XCVersionGroup section */
	};
	rootObject = 2B7B1A4628ED59F5005E7705 /* Project object */;
}
